
Microsoft Visual Studio Solution File, Format Version 12.00
# Visual Studio 15
VisualStudioVersion = 15.0.27004.2002
MinimumVisualStudioVersion = 10.0.40219.1
Project("{FAE04EC0-301F-11D3-BF4B-00C04F79EFBC}") = "blackjack", "blackjack\blackjack.csproj", "{B411D1ED-F938-457D-B925-E6D3970927FC}"
EndProject
Global
	GlobalSection(SolutionConfigurationPlatforms) = preSolution
		Debug|Any CPU = Debug|Any CPU
		Release|Any CPU = Release|Any CPU
	EndGlobalSection
	GlobalSection(ProjectConfigurationPlatforms) = postSolution
		{B411D1ED-F938-457D-B925-E6D3970927FC}.Debug|Any CPU.ActiveCfg = Debug|Any CPU
		{B411D1ED-F938-457D-B925-E6D3970927FC}.Debug|Any CPU.Build.0 = Debug|Any CPU
		{B411D1ED-F938-457D-B925-E6D3970927FC}.Release|Any CPU.ActiveCfg = Release|Any CPU
		{B411D1ED-F938-457D-B925-E6D3970927FC}.Release|Any CPU.Build.0 = Release|Any CPU
	EndGlobalSection
	GlobalSection(SolutionProperties) = preSolution
		HideSolutionNode = FALSE
	EndGlobalSection
	GlobalSection(ExtensibilityGlobals) = postSolution
		SolutionGuid = {F75C3F42-C918-4173-83DD-A5D06DE61419}
	EndGlobalSection
EndGlobal
